Microsoft Visual Studio Solution File, Format Version 12.00
# Visual Studio 14
VisualStudioVersion = 14.0.24720.0
MinimumVisualStudioVersion = 10.0.40219.1
Project("{E34926A2-4B5A-4431-BA14-17A52C6F2F35}") = "Project1", "Project1\Project1.csproj", "{9C1C63E5-862D-4642-A490-B3BC2BD15D28}"
EndProject
Global
	GlobalSection(SolutionConfigurationPlatforms) = preSolution
		Debug|Any CPU = Debug|Any CPU
		Release|Any CPU = Release|Any CPU
	EndGlobalSection
	GlobalSection(ProjectConfigurationPlatforms) = postSolution
		{9C1C63E5-862D-4642-A490-B3BC2BD15D28}.Debug|Any CPU.ActiveCfg = Debug|Any CPU
		{9C1C63E5-862D-4642-A490-B3BC2BD15D28}.Debug|Any CPU.Build.0 = Debug|Any CPU
		{9C1C63E5-862D-4642-A490-B3BC2BD15D28}.Release|Any CPU.ActiveCfg = Release|Any CPU
		{9C1C63E5-862D-4642-A490-B3BC2BD15D28}.Release|Any CPU.Build.0 = Release|Any CPU
	EndGlobalSection
EndGlobal
